
Microsoft Visual Studio Solution File, Format Version 12.00
# Visual Studio 15
VisualStudioVersion = 15.0.27130.2010
MinimumVisualStudioVersion = 10.0.40219.1
Project("{9A19103F-16F7-4668-BE54-9A1E7A4F7556}") = "MmqiNetLite", "src\MmqiNetLite.csproj", "{2BFC8D4A-07B5-4B40-8E98-B03C070CCC48}"
EndProject
Project("{FAE04EC0-301F-11D3-BF4B-00C04F79EFBC}") = "IntegrationTest", "test\IntegrationTest\IntegrationTest.csproj", "{44102E07-601C-4C31-A6BA-01B7E47C96E0}"
EndProject
Global
	GlobalSection(SolutionConfigurationPlatforms) = preSolution
		Debug|Any CPU = Debug|Any CPU
		Release|Any CPU = Release|Any CPU
	EndGlobalSection
	GlobalSection(ProjectConfigurationPlatforms) = postSolution
		{2BFC8D4A-07B5-4B40-8E98-B03C070CCC48}.Debug|Any CPU.ActiveCfg = Debug|Any CPU
		{2BFC8D4A-07B5-4B40-8E98-B03C070CCC48}.Debug|Any CPU.Build.0 = Debug|Any CPU
		{2BFC8D4A-07B5-4B40-8E98-B03C070CCC48}.Release|Any CPU.ActiveCfg = Release|Any CPU
		{2BFC8D4A-07B5-4B40-8E98-B03C070CCC48}.Release|Any CPU.Build.0 = Release|Any CPU
		{44102E07-601C-4C31-A6BA-01B7E47C96E0}.Debug|Any CPU.ActiveCfg = Debug|Any CPU
		{44102E07-601C-4C31-A6BA-01B7E47C96E0}.Debug|Any CPU.Build.0 = Debug|Any CPU
		{44102E07-601C-4C31-A6BA-01B7E47C96E0}.Release|Any CPU.ActiveCfg = Release|Any CPU
		{44102E07-601C-4C31-A6BA-01B7E47C96E0}.Release|Any CPU.Build.0 = Release|Any CPU
	EndGlobalSection
	GlobalSection(SolutionProperties) = preSolution
		HideSolutionNode = FALSE
	EndGlobalSection
	GlobalSection(ExtensibilityGlobals) = postSolution
		SolutionGuid = {73094D37-4948-466A-AB92-B3DF3B396A38}
	EndGlobalSection
EndGlobal
